
Microsoft Visual Studio Solution File, Format Version 12.00
# Visual Studio Version 17
VisualStudioVersion = 17.2.32516.85
MinimumVisualStudioVersion = 10.0.40219.1
Project("{FAE04EC0-301F-11D3-BF4B-00C04F79EFBC}") = "Peliculas.UWP", "Peliculas.UWP\Peliculas.UWP.csproj", "{50741E3E-64A6-4C91-8E47-FC468DEC541F}"
EndProject
Project("{FAE04EC0-301F-11D3-BF4B-00C04F79EFBC}") = "Peliculas.Android", "Peliculas.Android\Peliculas.Android.csproj", "{81922FBC-207C-4953-B572-8240939C7B83}"
EndProject
Project("{FAE04EC0-301F-11D3-BF4B-00C04F79EFBC}") = "Peliculas.iOS", "Peliculas.iOS\Peliculas.iOS.csproj", "{36E45D3E-399C-43FB-AB97-D3A8A9006EBC}"
EndProject
Project("{FAE04EC0-301F-11D3-BF4B-00C04F79EFBC}") = "Peliculas", "Peliculas\Peliculas.csproj", "{74F725FB-7592-4942-8D25-969D17DD5023}"
EndProject
Global
	GlobalSection(SolutionConfigurationPlatforms) = preSolution
		Debug|Any CPU = Debug|Any CPU
		Debug|ARM = Debug|ARM
		Debug|iPhone = Debug|iPhone
		Debug|iPhoneSimulator = Debug|iPhoneSimulator
		Debug|x64 = Debug|x64
		Debug|x86 = Debug|x86
		Release|Any CPU = Release|Any CPU
		Release|ARM = Release|ARM
		Release|iPhone = Release|iPhone
		Release|iPhoneSimulator = Release|iPhoneSimulator
		Release|x64 = Release|x64
		Release|x86 = Release|x86
	EndGlobalSection
	GlobalSection(ProjectConfigurationPlatforms) = postSolution
		{50741E3E-64A6-4C91-8E47-FC468DEC541F}.Debug|Any CPU.ActiveCfg = Debug|x64
		{50741E3E-64A6-4C91-8E47-FC468DEC541F}.Debug|Any CPU.Build.0 = Debug|x64
		{50741E3E-64A6-4C91-8E47-FC468DEC541F}.Debug|Any CPU.Deploy.0 = Debug|x64
		{50741E3E-64A6-4C91-8E47-FC468DEC541F}.Debug|ARM.ActiveCfg = Debug|ARM
		{50741E3E-64A6-4C91-8E47-FC468DEC541F}.Debug|ARM.Build.0 = Debug|ARM
		{50741E3E-64A6-4C91-8E47-FC468DEC541F}.Debug|ARM.Deploy.0 = Debug|ARM
		{50741E3E-64A6-4C91-8E47-FC468DEC541F}.Debug|iPhone.ActiveCfg = Debug|x64
		{50741E3E-64A6-4C91-8E47-FC468DEC541F}.Debug|iPhone.Build.0 = Debug|x64
		{50741E3E-64A6-4C91-8E47-FC468DEC541F}.Debug|iPhone.Deploy.0 = Debug|x64
		{50741E3E-64A6-4C91-8E47-FC468DEC541F}.Debug|iPhoneSimulator.ActiveCfg = Debug|x64
		{50741E3E-64A6-4C91-8E47-FC468DEC541F}.Debug|iPhoneSimulator.Build.0 = Debug|x64
		{50741E3E-64A6-4C91-8E47-FC468DEC541F}.Debug|iPhoneSimulator.Deploy.0 = Debug|x64
		{50741E3E-64A6-4C91-8E47-FC468DEC541F}.Debug|x64.ActiveCfg = Debug|x64
		{50741E3E-64A6-4C91-8E47-FC468DEC541F}.Debug|x64.Build.0 = Debug|x64
		{50741E3E-64A6-4C91-8E47-FC468DEC541F}.Debug|x64.Deploy.0 = Debug|x64
		{50741E3E-64A6-4C91-8E47-FC468DEC541F}.Debug|x86.ActiveCfg = Debug|x86
		{50741E3E-64A6-4C91-8E47-FC468DEC541F}.Debug|x86.Build.0 = Debug|x86
		{50741E3E-64A6-4C91-8E47-FC468DEC541F}.Debug|x86.Deploy.0 = Debug|x86
		{50741E3E-64A6-4C91-8E47-FC468DEC541F}.Release|Any CPU.ActiveCfg = Release|x64
		{50741E3E-64A6-4C91-8E47-FC468DEC541F}.Release|Any CPU.Build.0 = Release|x64
		{50741E3E-64A6-4C91-8E47-FC468DEC541F}.Release|Any CPU.Deploy.0 = Release|x64
		{50741E3E-64A6-4C91-8E47-FC468DEC541F}.Release|ARM.ActiveCfg = Release|ARM
		{50741E3E-64A6-4C91-8E47-FC468DEC541F}.Release|ARM.Build.0 = Release|ARM
		{50741E3E-64A6-4C91-8E47-FC468DEC541F}.Release|ARM.Deploy.0 = Release|ARM
		{50741E3E-64A6-4C91-8E47-FC468DEC541F}.Release|iPhone.ActiveCfg = Release|x64
		{50741E3E-64A6-4C91-8E47-FC468DEC541F}.Release|iPhone.Build.0 = Release|x64
		{50741E3E-64A6-4C91-8E47-FC468DEC541F}.Release|iPhone.Deploy.0 = Release|x64
		{50741E3E-64A6-4C91-8E47-FC468DEC541F}.Release|iPhoneSimulator.ActiveCfg = Release|x64
		{50741E3E-64A6-4C91-8E47-FC468DEC541F}.Release|iPhoneSimulator.Build.0 = Release|x64
		{50741E3E-64A6-4C91-8E47-FC468DEC541F}.Release|iPhoneSimulator.Deploy.0 = Release|x64
		{50741E3E-64A6-4C91-8E47-FC468DEC541F}.Release|x64.ActiveCfg = Release|x64
		{50741E3E-64A6-4C91-8E47-FC468DEC541F}.Release|x64.Build.0 = Release|x64
		{50741E3E-64A6-4C91-8E47-FC468DEC541F}.Release|x64.Deploy.0 = Release|x64
		{50741E3E-64A6-4C91-8E47-FC468DEC541F}.Release|x86.ActiveCfg = Release|x86
		{50741E3E-64A6-4C91-8E47-FC468DEC541F}.Release|x86.Build.0 = Release|x86
		{50741E3E-64A6-4C91-8E47-FC468DEC541F}.Release|x86.Deploy.0 = Release|x86
		{81922FBC-207C-4953-B572-8240939C7B83}.Debug|Any CPU.ActiveCfg = Debug|Any CPU
		{81922FBC-207C-4953-B572-8240939C7B83}.Debug|Any CPU.Build.0 = Debug|Any CPU
		{81922FBC-207C-4953-B572-8240939C7B83}.Debug|Any CPU.Deploy.0 = Debug|Any CPU
		{81922FBC-207C-4953-B572-8240939C7B83}.Debug|ARM.ActiveCfg = Debug|Any CPU
		{81922FBC-207C-4953-B572-8240939C7B83}.Debug|ARM.Build.0 = Debug|Any CPU
		{81922FBC-207C-4953-B572-8240939C7B83}.Debug|ARM.Deploy.0 = Debug|Any CPU
		{81922FBC-207C-4953-B572-8240939C7B83}.Debug|iPhone.ActiveCfg = Debug|Any CPU
		{81922FBC-207C-4953-B572-8240939C7B83}.Debug|iPhone.Build.0 = Debug|Any CPU
		{81922FBC-207C-4953-B572-8240939C7B83}.Debug|iPhone.Deploy.0 = Debug|Any CPU
		{81922FBC-207C-4953-B572-8240939C7B83}.Debug|iPhoneSimulator.ActiveCfg = Debug|Any CPU
		{81922FBC-207C-4953-B572-8240939C7B83}.Debug|iPhoneSimulator.Build.0 = Debug|Any CPU
		{81922FBC-207C-4953-B572-8240939C7B83}.Debug|iPhoneSimulator.Deploy.0 = Debug|Any CPU
		{81922FBC-207C-4953-B572-8240939C7B83}.Debug|x64.ActiveCfg = Debug|Any CPU
		{81922FBC-207C-4953-B572-8240939C7B83}.Debug|x64.Build.0 = Debug|Any CPU
		{81922FBC-207C-4953-B572-8240939C7B83}.Debug|x64.Deploy.0 = Debug|Any CPU
		{81922FBC-207C-4953-B572-8240939C7B83}.Debug|x86.ActiveCfg = Debug|Any CPU
		{81922FBC-207C-4953-B572-8240939C7B83}.Debug|x86.Build.0 = Debug|Any CPU
		{81922FBC-207C-4953-B572-8240939C7B83}.Debug|x86.Deploy.0 = Debug|Any CPU
		{81922FBC-207C-4953-B572-8240939C7B83}.Release|Any CPU.ActiveCfg = Release|Any CPU
		{81922FBC-207C-4953-B572-8240939C7B83}.Release|Any CPU.Build.0 = Release|Any CPU
		{81922FBC-207C-4953-B572-8240939C7B83}.Release|Any CPU.Deploy.0 = Release|Any CPU
		{81922FBC-207C-4953-B572-8240939C7B83}.Release|ARM.ActiveCfg = Release|Any CPU
		{81922FBC-207C-4953-B572-8240939C7B83}.Release|ARM.Build.0 = Release|Any CPU
		{81922FBC-207C-4953-B572-8240939C7B83}.Release|ARM.Deploy.0 = Release|Any CPU
		{81922FBC-207C-4953-B572-8240939C7B83}.Release|iPhone.ActiveCfg = Release|Any CPU
		{81922FBC-207C-4953-B572-8240939C7B83}.Release|iPhone.Build.0 = Release|Any CPU
		{81922FBC-207C-4953-B572-8240939C7B83}.Release|iPhone.Deploy.0 = Release|Any CPU
		{81922FBC-207C-4953-B572-8240939C7B83}.Release|iPhoneSimulator.ActiveCfg = Release|Any CPU
		{81922FBC-207C-4953-B572-8240939C7B83}.Release|iPhoneSimulator.Build.0 = Release|Any CPU
		{81922FBC-207C-4953-B572-8240939C7B83}.Release|iPhoneSimulator.Deploy.0 = Release|Any CPU
		{81922FBC-207C-4953-B572-8240939C7B83}.Release|x64.ActiveCfg = Release|Any CPU
		{81922FBC-207C-4953-B572-8240939C7B83}.Release|x64.Build.0 = Release|Any CPU
		{81922FBC-207C-4953-B572-8240939C7B83}.Release|x64.Deploy.0 = Release|Any CPU
		{81922FBC-207C-4953-B572-8240939C7B83}.Release|x86.ActiveCfg = Release|Any CPU
		{81922FBC-207C-4953-B572-8240939C7B83}.Release|x86.Build.0 = Release|Any CPU
		{81922FBC-207C-4953-B572-8240939C7B83}.Release|x86.Deploy.0 = Release|Any CPU
		{36E45D3E-399C-43FB-AB97-D3A8A9006EBC}.Debug|Any CPU.ActiveCfg = Debug|iPhoneSimulator
		{36E45D3E-399C-43FB-AB97-D3A8A9006EBC}.Debug|Any CPU.Build.0 = Debug|iPhoneSimulator
		{36E45D3E-399C-43FB-AB97-D3A8A9006EBC}.Debug|Any CPU.Deploy.0 = Debug|iPhoneSimulator
		{36E45D3E-399C-43FB-AB97-D3A8A9006EBC}.Debug|ARM.ActiveCfg = Debug|iPhoneSimulator
		{36E45D3E-399C-43FB-AB97-D3A8A9006EBC}.Debug|ARM.Build.0 = Debug|iPhoneSimulator
		{36E45D3E-399C-43FB-AB97-D3A8A9006EBC}.Debug|ARM.Deploy.0 = Debug|iPhoneSimulator
		{36E45D3E-399C-43FB-AB97-D3A8A9006EBC}.Debug|iPhone.ActiveCfg = Debug|iPhone
		{36E45D3E-399C-43FB-AB97-D3A8A9006EBC}.Debug|iPhone.Build.0 = Debug|iPhone
		{36E45D3E-399C-43FB-AB97-D3A8A9006EBC}.Debug|iPhone.Deploy.0 = Debug|iPhone
		{36E45D3E-399C-43FB-AB97-D3A8A9006EBC}.Debug|iPhoneSimulator.ActiveCfg = Debug|iPhoneSimulator
		{36E45D3E-399C-43FB-AB97-D3A8A9006EBC}.Debug|iPhoneSimulator.Build.0 = Debug|iPhoneSimulator
		{36E45D3E-399C-43FB-AB97-D3A8A9006EBC}.Debug|iPhoneSimulator.Deploy.0 = Debug|iPhoneSimulator
		{36E45D3E-399C-43FB-AB97-D3A8A9006EBC}.Debug|x64.ActiveCfg = Debug|iPhone
		{36E45D3E-399C-43FB-AB97-D3A8A9006EBC}.Debug|x64.Build.0 = Debug|iPhone
		{36E45D3E-399C-43FB-AB97-D3A8A9006EBC}.Debug|x64.Deploy.0 = Debug|iPhone
		{36E45D3E-399C-43FB-AB97-D3A8A9006EBC}.Debug|x86.ActiveCfg = Debug|iPhoneSimulator
		{36E45D3E-399C-43FB-AB97-D3A8A9006EBC}.Debug|x86.Build.0 = Debug|iPhoneSimulator
		{36E45D3E-399C-43FB-AB97-D3A8A9006EBC}.Debug|x86.Deploy.0 = Debug|iPhoneSimulator
		{36E45D3E-399C-43FB-AB97-D3A8A9006EBC}.Release|Any CPU.ActiveCfg = Release|iPhoneSimulator
		{36E45D3E-399C-43FB-AB97-D3A8A9006EBC}.Release|Any CPU.Build.0 = Release|iPhoneSimulator
		{36E45D3E-399C-43FB-AB97-D3A8A9006EBC}.Release|Any CPU.Deploy.0 = Release|iPhoneSimulator
		{36E45D3E-399C-43FB-AB97-D3A8A9006EBC}.Release|ARM.ActiveCfg = Release|iPhoneSimulator
		{36E45D3E-399C-43FB-AB97-D3A8A9006EBC}.Release|ARM.Build.0 = Release|iPhoneSimulator
		{36E45D3E-399C-43FB-AB97-D3A8A9006EBC}.Release|ARM.Deploy.0 = Release|iPhoneSimulator
		{36E45D3E-399C-43FB-AB97-D3A8A9006EBC}.Release|iPhone.ActiveCfg = Release|iPhone
		{36E45D3E-399C-43FB-AB97-D3A8A9006EBC}.Release|iPhone.Build.0 = Release|iPhone
		{36E45D3E-399C-43FB-AB97-D3A8A9006EBC}.Release|iPhone.Deploy.0 = Release|iPhone
		{36E45D3E-399C-43FB-AB97-D3A8A9006EBC}.Release|iPhoneSimulator.ActiveCfg = Release|iPhoneSimulator
		{36E45D3E-399C-43FB-AB97-D3A8A9006EBC}.Release|iPhoneSimulator.Build.0 = Release|iPhoneSimulator
		{36E45D3E-399C-43FB-AB97-D3A8A9006EBC}.Release|iPhoneSimulator.Deploy.0 = Release|iPhoneSimulator
		{36E45D3E-399C-43FB-AB97-D3A8A9006EBC}.Release|x64.ActiveCfg = Release|iPhoneSimulator
		{36E45D3E-399C-43FB-AB97-D3A8A9006EBC}.Release|x64.Build.0 = Release|iPhoneSimulator
		{36E45D3E-399C-43FB-AB97-D3A8A9006EBC}.Release|x64.Deploy.0 = Release|iPhoneSimulator
		{36E45D3E-399C-43FB-AB97-D3A8A9006EBC}.Release|x86.ActiveCfg = Release|iPhoneSimulator
		{36E45D3E-399C-43FB-AB97-D3A8A9006EBC}.Release|x86.Build.0 = Release|iPhoneSimulator
		{36E45D3E-399C-43FB-AB97-D3A8A9006EBC}.Release|x86.Deploy.0 = Release|iPhoneSimulator
		{74F725FB-7592-4942-8D25-969D17DD5023}.Debug|Any CPU.ActiveCfg = Debug|Any CPU
		{74F725FB-7592-4942-8D25-969D17DD5023}.Debug|Any CPU.Build.0 = Debug|Any CPU
		{74F725FB-7592-4942-8D25-969D17DD5023}.Debug|Any CPU.Deploy.0 = Debug|Any CPU
		{74F725FB-7592-4942-8D25-969D17DD5023}.Debug|ARM.ActiveCfg = Debug|Any CPU
		{74F725FB-7592-4942-8D25-969D17DD5023}.Debug|ARM.Build.0 = Debug|Any CPU
		{74F725FB-7592-4942-8D25-969D17DD5023}.Debug|ARM.Deploy.0 = Debug|Any CPU
		{74F725FB-7592-4942-8D25-969D17DD5023}.Debug|iPhone.ActiveCfg = Debug|Any CPU
		{74F725FB-7592-4942-8D25-969D17DD5023}.Debug|iPhone.Build.0 = Debug|Any CPU
		{74F725FB-7592-4942-8D25-969D17DD5023}.Debug|iPhone.Deploy.0 = Debug|Any CPU
		{74F725FB-7592-4942-8D25-969D17DD5023}.Debug|iPhoneSimulator.ActiveCfg = Debug|Any CPU
		{74F725FB-7592-4942-8D25-969D17DD5023}.Debug|iPhoneSimulator.Build.0 = Debug|Any CPU
		{74F725FB-7592-4942-8D25-969D17DD5023}.Debug|iPhoneSimulator.Deploy.0 = Debug|Any CPU
		{74F725FB-7592-4942-8D25-969D17DD5023}.Debug|x64.ActiveCfg = Debug|Any CPU
		{74F725FB-7592-4942-8D25-969D17DD5023}.Debug|x64.Build.0 = Debug|Any CPU
		{74F725FB-7592-4942-8D25-969D17DD5023}.Debug|x64.Deploy.0 = Debug|Any CPU
		{74F725FB-7592-4942-8D25-969D17DD5023}.Debug|x86.ActiveCfg = Debug|Any CPU
		{74F725FB-7592-4942-8D25-969D17DD5023}.Debug|x86.Build.0 = Debug|Any CPU
		{74F725FB-7592-4942-8D25-969D17DD5023}.Debug|x86.Deploy.0 = Debug|Any CPU
		{74F725FB-7592-4942-8D25-969D17DD5023}.Release|Any CPU.ActiveCfg = Release|Any CPU
		{74F725FB-7592-4942-8D25-969D17DD5023}.Release|Any CPU.Build.0 = Release|Any CPU
		{74F725FB-7592-4942-8D25-969D17DD5023}.Release|Any CPU.Deploy.0 = Release|Any CPU
		{74F725FB-7592-4942-8D25-969D17DD5023}.Release|ARM.ActiveCfg = Release|Any CPU
		{74F725FB-7592-4942-8D25-969D17DD5023}.Release|ARM.Build.0 = Release|Any CPU
		{74F725FB-7592-4942-8D25-969D17DD5023}.Release|ARM.Deploy.0 = Release|Any CPU
		{74F725FB-7592-4942-8D25-969D17DD5023}.Release|iPhone.ActiveCfg = Release|Any CPU
		{74F725FB-7592-4942-8D25-969D17DD5023}.Release|iPhone.Build.0 = Release|Any CPU
		{74F725FB-7592-4942-8D25-969D17DD5023}.Release|iPhone.Deploy.0 = Release|Any CPU
		{74F725FB-7592-4942-8D25-969D17DD5023}.Release|iPhoneSimulator.ActiveCfg = Release|Any CPU
		{74F725FB-7592-4942-8D25-969D17DD5023}.Release|iPhoneSimulator.Build.0 = Release|Any CPU
		{74F725FB-7592-4942-8D25-969D17DD5023}.Release|iPhoneSimulator.Deploy.0 = Release|Any CPU
		{74F725FB-7592-4942-8D25-969D17DD5023}.Release|x64.ActiveCfg = Release|Any CPU
		{74F725FB-7592-4942-8D25-969D17DD5023}.Release|x64.Build.0 = Release|Any CPU
		{74F725FB-7592-4942-8D25-969D17DD5023}.Release|x64.Deploy.0 = Release|Any CPU
		{74F725FB-7592-4942-8D25-969D17DD5023}.Release|x86.ActiveCfg = Release|Any CPU
		{74F725FB-7592-4942-8D25-969D17DD5023}.Release|x86.Build.0 = Release|Any CPU
		{74F725FB-7592-4942-8D25-969D17DD5023}.Release|x86.Deploy.0 = Release|Any CPU
	EndGlobalSection
	GlobalSection(SolutionProperties) = preSolution
		HideSolutionNode = FALSE
	EndGlobalSection
	GlobalSection(ExtensibilityGlobals) = postSolution
		SolutionGuid = {80D54E49-272C-401B-B71A-D99CAB79F3D4}
	EndGlobalSection
EndGlobal
